# Generated by @novedu/cli — do not edit.
# Regenerate with: novedu-cli codes sync ddp-activities.yaml
activity-codes:
  animation: 44khofvorb
  beehive: 869dg3kkkx
  bracelet: f3v7976d54
  callbacks-maps: wr2dp6q0vb
  charts: nzfzd3rvk8
  choosing: g22ukfh37e
  class-diagrams: o6xmxzbtb6
  classes: zqqbcjegng
  coding-buddy-classes: 651n27mcb5
  coding-buddy-data-structures: r6s9arisod
  coding-buddy-dom: tpyu39r0z4
  coding-buddy-e2e: d4n0o5d2rx
  coding-buddy-generics: mdrtv2maok
  coding-buddy-svg: pe2s5tsst4
  coding-buddy-tests: mlp0ya6whs
  creating-elements: 1xkigf1ugr
  elements-are-objects: vnq6q3yc70
  encapsulation: xj0gwt44yq
  events: iqup5tszhz
  exceptions: mkjyhhzg6u
  forms: 0gr68e5wik
  from-canvas-to-page: ifokydiqrw
  generics: 51xzwflde7
  git: 7rehes1sm3
  inheritance: p0lrqftw42
  iteration: yvj2n8lnfl
  layout: 6c187ncagv
  linked-list: ac44qrot8o
  playwright: 2g5s1lvrkj
  polymorphism: 7vmz0uc6kp
  queues: 0ntlk37x7i
  research: x9rznhzv1o
  research-guide: 9czwy4a031
  selectors: s65tvjae8e
  skills: c3snc3v34a
  stacks: oa71gq6d96
  starter-project: 87312b2gys
  svg-by-hand: w7fd90gynn
  svg-dom: j941aey3ne
  testing-apps: fuqhdgefj1
  toolchain-assets: yb09ypq66r
  types-for-elements: hmluw8h57x
  undo: 4n867ynxiu
  verify-ci: ogpnle9cnq
  vitest: lrgnz5bh52
  why-test: yk4y6fpdae
