# Generated by @novedu/cli — do not edit.
# Regenerate with: novedu-cli codes sync ddp-activities.yaml
activity-codes:
  coding-buddy: b8gmigeask
  creating-elements: e5zsr4yxho
  elements-are-objects: yxfoumqqcc
  events: uoidnqp8px
  forms: weyv758p9b
  git: euqknpcjtt
  layout: imf77063fx
  research: smtv7bue72
  research-guide: ea7tjs1on3
  selectors: 5x5liwx6s4
  starter-project: 7ft7hziycl
  types-for-elements: 5ht65g1wk5
