# Generated by @novedu/cli — do not edit.
# Regenerate with: novedu-cli codes sync ddp-activities.yaml
activity-codes:
  animation: 0mn9rkw8v2
  beehive: isneectrxd
  bracelet: 6madmn1u04
  callbacks-maps: 5zz536b5bc
  charts: 4j2wx56s7z
  class-diagrams: u7j06e7d03
  classes: y4j92tde5c
  coding-buddy-classes: ho2270c8eh
  coding-buddy-data-structures: 791pume6r6
  coding-buddy-dom: qyst5cp3cy
  coding-buddy-e2e: 1evvgnq0cl
  coding-buddy-generics: 6512usyx14
  coding-buddy-svg: x0f94z477f
  coding-buddy-tests: gvahs0yt7v
  creating-elements: e5zsr4yxho
  elements-are-objects: yxfoumqqcc
  encapsulation: d3rd0o6792
  events: uoidnqp8px
  exceptions: t3u3dzf1r4
  forms: weyv758p9b
  generics: 4l45902idh
  git: euqknpcjtt
  inheritance: rjkoqh2ocd
  layout: imf77063fx
  polymorphism: yzjx96ddrt
  research: smtv7bue72
  research-guide: ea7tjs1on3
  selectors: 5x5liwx6s4
  starter-project: 7ft7hziycl
  svg-by-hand: jaxzu8i12g
  svg-dom: k93qfmmgj0
  toolchain-assets: wbj2cheymp
  types-for-elements: 5ht65g1wk5
  undo: s9147gthk1
  verify-ci: x6745dd790
  vitest: aoo60t1ukc
  why-test: wkb8326rjz
